
Microsoft Visual Studio Solution File, Format Version 12.00
# Visual Studio 2017
Project("{FAE04EC0-301F-11D3-BF4B-00C04F79EFBC}") = "MyFrameWork", "MyFrameWork.csproj", "{2A059217-B728-6710-DEE3-D95DB84DAD06}"
EndProject
Project("{FAE04EC0-301F-11D3-BF4B-00C04F79EFBC}") = "MyFrameWork.Editor", "MyFrameWork.Editor.csproj", "{6A9535EB-3BA0-07D5-7A80-593497C78B80}"
EndProject
Global
	GlobalSection(SolutionConfigurationPlatforms) = preSolution
		Debug|Any CPU = Debug|Any CPU
		Release|Any CPU = Release|Any CPU
	EndGlobalSection
	GlobalSection(ProjectConfigurationPlatforms) = postSolution
		{2A059217-B728-6710-DEE3-D95DB84DAD06}.Debug|Any CPU.ActiveCfg = Debug|Any CPU
		{2A059217-B728-6710-DEE3-D95DB84DAD06}.Debug|Any CPU.Build.0 = Debug|Any CPU
		{2A059217-B728-6710-DEE3-D95DB84DAD06}.Release|Any CPU.ActiveCfg = Release|Any CPU
		{2A059217-B728-6710-DEE3-D95DB84DAD06}.Release|Any CPU.Build.0 = Release|Any CPU
		{6A9535EB-3BA0-07D5-7A80-593497C78B80}.Debug|Any CPU.ActiveCfg = Debug|Any CPU
		{6A9535EB-3BA0-07D5-7A80-593497C78B80}.Debug|Any CPU.Build.0 = Debug|Any CPU
		{6A9535EB-3BA0-07D5-7A80-593497C78B80}.Release|Any CPU.ActiveCfg = Release|Any CPU
		{6A9535EB-3BA0-07D5-7A80-593497C78B80}.Release|Any CPU.Build.0 = Release|Any CPU
	EndGlobalSection
	GlobalSection(SolutionProperties) = preSolution
		HideSolutionNode = FALSE
	EndGlobalSection
EndGlobal
